
Microsoft Visual Studio Solution File, Format Version 12.00
# Visual Studio 15
Project("{FAE04EC0-301F-11D3-BF4B-00C04F79EFBC}") = "Assembly-CSharp", "Assembly-CSharp.csproj", "{EA686800-E7F7-206E-9B20-C74E2DA0619A}"
EndProject
Project("{FAE04EC0-301F-11D3-BF4B-00C04F79EFBC}") = "Assembly-CSharp-firstpass", "Assembly-CSharp-firstpass.csproj", "{A2E2722F-B867-444E-5AC9-81BF2EC0C44C}"
EndProject
Project("{FAE04EC0-301F-11D3-BF4B-00C04F79EFBC}") = "Assembly-CSharp-Editor-firstpass", "Assembly-CSharp-Editor-firstpass.csproj", "{ACFBECAF-E3AF-9E8D-F6B3-782D8F5FFDF1}"
EndProject
Global
	GlobalSection(SolutionConfigurationPlatforms) = preSolution
		Debug|Any CPU = Debug|Any CPU
		Release|Any CPU = Release|Any CPU
	EndGlobalSection
	GlobalSection(ProjectConfigurationPlatforms) = postSolution
		{EA686800-E7F7-206E-9B20-C74E2DA0619A}.Debug|Any CPU.ActiveCfg = Debug|Any CPU
		{EA686800-E7F7-206E-9B20-C74E2DA0619A}.Debug|Any CPU.Build.0 = Debug|Any CPU
		{EA686800-E7F7-206E-9B20-C74E2DA0619A}.Release|Any CPU.ActiveCfg = Release|Any CPU
		{EA686800-E7F7-206E-9B20-C74E2DA0619A}.Release|Any CPU.Build.0 = Release|Any CPU
		{A2E2722F-B867-444E-5AC9-81BF2EC0C44C}.Debug|Any CPU.ActiveCfg = Debug|Any CPU
		{A2E2722F-B867-444E-5AC9-81BF2EC0C44C}.Debug|Any CPU.Build.0 = Debug|Any CPU
		{A2E2722F-B867-444E-5AC9-81BF2EC0C44C}.Release|Any CPU.ActiveCfg = Release|Any CPU
		{A2E2722F-B867-444E-5AC9-81BF2EC0C44C}.Release|Any CPU.Build.0 = Release|Any CPU
		{ACFBECAF-E3AF-9E8D-F6B3-782D8F5FFDF1}.Debug|Any CPU.ActiveCfg = Debug|Any CPU
		{ACFBECAF-E3AF-9E8D-F6B3-782D8F5FFDF1}.Debug|Any CPU.Build.0 = Debug|Any CPU
		{ACFBECAF-E3AF-9E8D-F6B3-782D8F5FFDF1}.Release|Any CPU.ActiveCfg = Release|Any CPU
		{ACFBECAF-E3AF-9E8D-F6B3-782D8F5FFDF1}.Release|Any CPU.Build.0 = Release|Any CPU
	EndGlobalSection
	GlobalSection(SolutionProperties) = preSolution
		HideSolutionNode = FALSE
	EndGlobalSection
EndGlobal
